
Microsoft Visual Studio Solution File, Format Version 12.00
# Visual Studio Version 17
VisualStudioVersion = 17.10.34928.147
MinimumVisualStudioVersion = 10.0.40219.1
Project("{FAE04EC0-301F-11D3-BF4B-00C04F79EFBC}") = "BulkyWeb", "BulkyWeb\BulkyWeb.csproj", "{831A75D0-3B6B-4499-B3DF-5FE70520E7EB}"
EndProject
Global
	GlobalSection(SolutionConfigurationPlatforms) = preSolution
		Debug|Any CPU = Debug|Any CPU
		Release|Any CPU = Release|Any CPU
	EndGlobalSection
	GlobalSection(ProjectConfigurationPlatforms) = postSolution
		{831A75D0-3B6B-4499-B3DF-5FE70520E7EB}.Debug|Any CPU.ActiveCfg = Debug|Any CPU
		{831A75D0-3B6B-4499-B3DF-5FE70520E7EB}.Debug|Any CPU.Build.0 = Debug|Any CPU
		{831A75D0-3B6B-4499-B3DF-5FE70520E7EB}.Release|Any CPU.ActiveCfg = Release|Any CPU
		{831A75D0-3B6B-4499-B3DF-5FE70520E7EB}.Release|Any CPU.Build.0 = Release|Any CPU
	EndGlobalSection
	GlobalSection(SolutionProperties) = preSolution
		HideSolutionNode = FALSE
	EndGlobalSection
	GlobalSection(ExtensibilityGlobals) = postSolution
		SolutionGuid = {87FE7F4F-80C8-4EAB-BE1E-26C36D657FE7}
	EndGlobalSection
EndGlobal
